
Microsoft Visual Studio Solution File, Format Version 12.00
# Visual Studio Version 16
VisualStudioVersion = 16.0.31613.86
MinimumVisualStudioVersion = 10.0.40219.1
Project("{FAE04EC0-301F-11D3-BF4B-00C04F79EFBC}") = "EmployeeDAL", "EmployeeDAL.csproj", "{5459C61A-D0B1-4064-AE08-FE7AB6A9A2EF}"
EndProject
Global
	GlobalSection(SolutionConfigurationPlatforms) = preSolution
		Debug|Any CPU = Debug|Any CPU
		Release|Any CPU = Release|Any CPU
	EndGlobalSection
	GlobalSection(ProjectConfigurationPlatforms) = postSolution
		{5459C61A-D0B1-4064-AE08-FE7AB6A9A2EF}.Debug|Any CPU.ActiveCfg = Debug|Any CPU
		{5459C61A-D0B1-4064-AE08-FE7AB6A9A2EF}.Debug|Any CPU.Build.0 = Debug|Any CPU
		{5459C61A-D0B1-4064-AE08-FE7AB6A9A2EF}.Release|Any CPU.ActiveCfg = Release|Any CPU
		{5459C61A-D0B1-4064-AE08-FE7AB6A9A2EF}.Release|Any CPU.Build.0 = Release|Any CPU
	EndGlobalSection
	GlobalSection(SolutionProperties) = preSolution
		HideSolutionNode = FALSE
	EndGlobalSection
	GlobalSection(ExtensibilityGlobals) = postSolution
		SolutionGuid = {D64B60A2-43BE-4AE4-86C4-D147A871D8D4}
	EndGlobalSection
EndGlobal
